
Microsoft Visual Studio Solution File, Format Version 12.00
# Visual Studio Version 17
VisualStudioVersion = 17.3.32819.101
MinimumVisualStudioVersion = 10.0.40219.1
Project("{FAE04EC0-301F-11D3-BF4B-00C04F79EFBC}") = "GuessTheNumberHuffman", "GuessTheNumberHuffman\GuessTheNumberHuffman.csproj", "{6CFA231D-8606-4252-9820-33FC20074C3C}"
EndProject
Global
	GlobalSection(SolutionConfigurationPlatforms) = preSolution
		Debug|Any CPU = Debug|Any CPU
		Release|Any CPU = Release|Any CPU
	EndGlobalSection
	GlobalSection(ProjectConfigurationPlatforms) = postSolution
		{6CFA231D-8606-4252-9820-33FC20074C3C}.Debug|Any CPU.ActiveCfg = Debug|Any CPU
		{6CFA231D-8606-4252-9820-33FC20074C3C}.Debug|Any CPU.Build.0 = Debug|Any CPU
		{6CFA231D-8606-4252-9820-33FC20074C3C}.Release|Any CPU.ActiveCfg = Release|Any CPU
		{6CFA231D-8606-4252-9820-33FC20074C3C}.Release|Any CPU.Build.0 = Release|Any CPU
	EndGlobalSection
	GlobalSection(SolutionProperties) = preSolution
		HideSolutionNode = FALSE
	EndGlobalSection
	GlobalSection(ExtensibilityGlobals) = postSolution
		SolutionGuid = {350A104E-E5F2-45A2-8081-593E5EAFEAD6}
	EndGlobalSection
EndGlobal
